
Microsoft Visual Studio Solution File, Format Version 12.00
# Visual Studio 2012
Project("{FAE04EC0-301F-11D3-BF4B-00C04F79EFBC}") = "WEC-Agent", "WEC-Agent\WEC-Agent.csproj", "{338251F4-CA06-4CF1-A04A-BF0B9222DF27}"
EndProject
Project("{FAE04EC0-301F-11D3-BF4B-00C04F79EFBC}") = "WEC-Test-Program", "WEC-Test-Program\WEC-Test-Program.csproj", "{55E949A4-3C57-46C7-A15D-056BB53241CC}"
EndProject
Global
	GlobalSection(SolutionConfigurationPlatforms) = preSolution
		Debug|Any CPU = Debug|Any CPU
		Release|Any CPU = Release|Any CPU
	EndGlobalSection
	GlobalSection(ProjectConfigurationPlatforms) = postSolution
		{338251F4-CA06-4CF1-A04A-BF0B9222DF27}.Debug|Any CPU.ActiveCfg = Debug|Any CPU
		{338251F4-CA06-4CF1-A04A-BF0B9222DF27}.Debug|Any CPU.Build.0 = Debug|Any CPU
		{338251F4-CA06-4CF1-A04A-BF0B9222DF27}.Release|Any CPU.ActiveCfg = Release|Any CPU
		{338251F4-CA06-4CF1-A04A-BF0B9222DF27}.Release|Any CPU.Build.0 = Release|Any CPU
		{55E949A4-3C57-46C7-A15D-056BB53241CC}.Debug|Any CPU.ActiveCfg = Debug|Any CPU
		{55E949A4-3C57-46C7-A15D-056BB53241CC}.Debug|Any CPU.Build.0 = Debug|Any CPU
		{55E949A4-3C57-46C7-A15D-056BB53241CC}.Release|Any CPU.ActiveCfg = Release|Any CPU
		{55E949A4-3C57-46C7-A15D-056BB53241CC}.Release|Any CPU.Build.0 = Release|Any CPU
	EndGlobalSection
	GlobalSection(SolutionProperties) = preSolution
		HideSolutionNode = FALSE
	EndGlobalSection
EndGlobal
